
Microsoft Visual Studio Solution File, Format Version 12.00
# Visual Studio Version 17
VisualStudioVersion = 17.13.35828.75 d17.13
MinimumVisualStudioVersion = 10.0.40219.1
Project("{FAE04EC0-301F-11D3-BF4B-00C04F79EFBC}") = "App1", "App1\App1.csproj", "{1914AFB2-BEA5-46BC-B257-944F38832333}"
EndProject
Global
	GlobalSection(SolutionConfigurationPlatforms) = preSolution
		Debug|Any CPU = Debug|Any CPU
		Release|Any CPU = Release|Any CPU
	EndGlobalSection
	GlobalSection(ProjectConfigurationPlatforms) = postSolution
		{1914AFB2-BEA5-46BC-B257-944F38832333}.Debug|Any CPU.ActiveCfg = Debug|Any CPU
		{1914AFB2-BEA5-46BC-B257-944F38832333}.Debug|Any CPU.Build.0 = Debug|Any CPU
		{1914AFB2-BEA5-46BC-B257-944F38832333}.Release|Any CPU.ActiveCfg = Release|Any CPU
		{1914AFB2-BEA5-46BC-B257-944F38832333}.Release|Any CPU.Build.0 = Release|Any CPU
	EndGlobalSection
	GlobalSection(SolutionProperties) = preSolution
		HideSolutionNode = FALSE
	EndGlobalSection
	GlobalSection(ExtensibilityGlobals) = postSolution
		SolutionGuid = {B208E7C4-C211-4327-B9D2-2E753B16DC75}
	EndGlobalSection
EndGlobal
